
Microsoft Visual Studio Solution File, Format Version 12.00
# Visual Studio Version 16
VisualStudioVersion = 16.0.30621.155
MinimumVisualStudioVersion = 10.0.40219.1
Project("{FAE04EC0-301F-11D3-BF4B-00C04F79EFBC}") = "Estudiantes", "RegistroEstudiantes\Estudiantes.csproj", "{A5E3AC54-01BC-4A1E-AC90-270066470E55}"
EndProject
Project("{FAE04EC0-301F-11D3-BF4B-00C04F79EFBC}") = "BA(DATA)", "BA\BA(DATA).csproj", "{2C3EAE64-176A-4EB8-B740-7305FF6D605B}"
EndProject
Project("{FAE04EC0-301F-11D3-BF4B-00C04F79EFBC}") = "Logica", "Estudiantes\Logica.csproj", "{A188A852-CB36-4BC1-B330-B38DDC15C9D8}"
EndProject
Global
	GlobalSection(SolutionConfigurationPlatforms) = preSolution
		Debug|Any CPU = Debug|Any CPU
		Release|Any CPU = Release|Any CPU
	EndGlobalSection
	GlobalSection(ProjectConfigurationPlatforms) = postSolution
		{A5E3AC54-01BC-4A1E-AC90-270066470E55}.Debug|Any CPU.ActiveCfg = Debug|Any CPU
		{A5E3AC54-01BC-4A1E-AC90-270066470E55}.Debug|Any CPU.Build.0 = Debug|Any CPU
		{A5E3AC54-01BC-4A1E-AC90-270066470E55}.Release|Any CPU.ActiveCfg = Release|Any CPU
		{A5E3AC54-01BC-4A1E-AC90-270066470E55}.Release|Any CPU.Build.0 = Release|Any CPU
		{2C3EAE64-176A-4EB8-B740-7305FF6D605B}.Debug|Any CPU.ActiveCfg = Debug|Any CPU
		{2C3EAE64-176A-4EB8-B740-7305FF6D605B}.Debug|Any CPU.Build.0 = Debug|Any CPU
		{2C3EAE64-176A-4EB8-B740-7305FF6D605B}.Release|Any CPU.ActiveCfg = Release|Any CPU
		{2C3EAE64-176A-4EB8-B740-7305FF6D605B}.Release|Any CPU.Build.0 = Release|Any CPU
		{A188A852-CB36-4BC1-B330-B38DDC15C9D8}.Debug|Any CPU.ActiveCfg = Debug|Any CPU
		{A188A852-CB36-4BC1-B330-B38DDC15C9D8}.Debug|Any CPU.Build.0 = Debug|Any CPU
		{A188A852-CB36-4BC1-B330-B38DDC15C9D8}.Release|Any CPU.ActiveCfg = Release|Any CPU
		{A188A852-CB36-4BC1-B330-B38DDC15C9D8}.Release|Any CPU.Build.0 = Release|Any CPU
	EndGlobalSection
	GlobalSection(SolutionProperties) = preSolution
		HideSolutionNode = FALSE
	EndGlobalSection
	GlobalSection(ExtensibilityGlobals) = postSolution
		SolutionGuid = {7F9AE541-D6F8-4975-8E26-142D5930C18B}
	EndGlobalSection
EndGlobal
